# This file is autogenerated, do not edit; changes may be undone by the next 'dep ensure'.


[[projects]]
  name = "github.com/bitly/go-simplejson"
  packages = ["."]
  revision = "aabad6e819789e569bd6aabf444c935aa9ba1e44"
  version = "v0.5.0"

[[projects]]
  name = "github.com/mozillazg/request"
  packages = ["."]
  revision = "052232e32456da4751d789b61e89aba4a07a7e25"
  version = "v0.8.0"

[[projects]]
  name = "github.com/satori/go.uuid"
  packages = ["."]
  revision = "f58768cc1a7a7e77a3bd49e98cdd21419399b6a3"
  version = "v1.2.0"

[[projects]]
  branch = "master"
  name = "golang.org/x/net"
  packages = [
    "idna",
    "internal/socks",
    "proxy",
    "publicsuffix"
  ]
  revision = "927f97764cc334a6575f4b7a1584a147864d5723"

[[projects]]
  name = "golang.org/x/text"
  packages = [
    "collate",
    "collate/build",
    "internal/colltab",
    "internal/gen",
    "internal/tag",
    "internal/triegen",
    "internal/ucd",
    "language",
    "secure/bidirule",
    "transform",
    "unicode/bidi",
    "unicode/cldr",
    "unicode/norm",
    "unicode/rangetable"
  ]
  revision = "f21a4dfb5e38f5895301dc265a8def02365cc3d0"
  version = "v0.3.0"

[solve-meta]
  analyzer-name = "dep"
  analyzer-version = 1
  inputs-digest = "e9e7344370e192c8e011e7b75ef9c4dd7daabd813e3f237ef95ee0e5ccdecd19"
  solver-name = "gps-cdcl"
  solver-version = 1
